
Microsoft Visual Studio Solution File, Format Version 12.00
# Visual Studio 15
VisualStudioVersion = 15.0.28010.2026
MinimumVisualStudioVersion = 10.0.40219.1
Project("{FAE04EC0-301F-11D3-BF4B-00C04F79EFBC}") = "IRTestCsharp", "IRTestCsharp\IRTestCsharp.csproj", "{646F7A86-059A-4CD2-BEEE-01D1FD2C58C3}"
EndProject
Global
	GlobalSection(SolutionConfigurationPlatforms) = preSolution
		Debug|Any CPU = Debug|Any CPU
		Release|Any CPU = Release|Any CPU
	EndGlobalSection
	GlobalSection(ProjectConfigurationPlatforms) = postSolution
		{646F7A86-059A-4CD2-BEEE-01D1FD2C58C3}.Debug|Any CPU.ActiveCfg = Debug|Any CPU
		{646F7A86-059A-4CD2-BEEE-01D1FD2C58C3}.Debug|Any CPU.Build.0 = Debug|Any CPU
		{646F7A86-059A-4CD2-BEEE-01D1FD2C58C3}.Release|Any CPU.ActiveCfg = Release|Any CPU
		{646F7A86-059A-4CD2-BEEE-01D1FD2C58C3}.Release|Any CPU.Build.0 = Release|Any CPU
	EndGlobalSection
	GlobalSection(SolutionProperties) = preSolution
		HideSolutionNode = FALSE
	EndGlobalSection
	GlobalSection(ExtensibilityGlobals) = postSolution
		SolutionGuid = {1DF865FD-C38E-46F4-B961-3F57F788569C}
	EndGlobalSection
EndGlobal
